
Microsoft Visual Studio Solution File, Format Version 12.00
Project("{FAE04EC0-301F-11D3-BF4B-00C04F79EFBC}") = "Tyuiu.GurevVE.Sprint0", "Tyuiu.GurevVE.Sprint0\Tyuiu.GurevVE.Sprint0.csproj", "{B21C71DA-ADCA-4BF8-97AD-F9DD9F8A5F08}"
EndProject
Project("{2150E333-8FDC-42A3-9474-1A3956D46DE8}") = "Task0", "Task0", "{821C2F00-B064-41CB-9745-072AC153E3BF}"
EndProject
Project("{FAE04EC0-301F-11D3-BF4B-00C04F79EFBC}") = "Tyuiu.GurevVE.Sprint0.Task0.V0", "Tyuiu.GurevVE.Sprint0.Task0.V0\Tyuiu.GurevVE.Sprint0.Task0.V0.csproj", "{D53A0B73-017E-4916-B970-49ECD1E6ACD1}"
EndProject
Project("{2150E333-8FDC-42A3-9474-1A3956D46DE8}") = "Task1", "Task1", "{5E220FAC-471E-4C63-B0AC-4EEF21F058AA}"
EndProject
Project("{FAE04EC0-301F-11D3-BF4B-00C04F79EFBC}") = "Tyuiu.GurevVE.Sprint0.Task1.V0", "Tyuiu.GurevVE.Sprint0.Task1.V0\Tyuiu.GurevVE.Sprint0.Task1.V0.csproj", "{524D58EB-B011-4AFD-B456-F063F5F739AA}"
EndProject
Project("{2150E333-8FDC-42A3-9474-1A3956D46DE8}") = "Task2", "Task2", "{4CE8BF48-37C6-44AF-BEFD-86A31AA84E17}"
EndProject
Project("{FAE04EC0-301F-11D3-BF4B-00C04F79EFBC}") = "Tyuiu.GurevVE.Sprint0.Task2.V0", "Tyuiu.GurevVE.Sprint0.Task2.V0\Tyuiu.GurevVE.Sprint0.Task2.V0.csproj", "{25F600E9-7F51-4C69-8C63-8AFC5A561DD4}"
EndProject
Project("{FAE04EC0-301F-11D3-BF4B-00C04F79EFBC}") = "Tyuiu.GurevVE.Sprint0.Task2.V0.lib", "Tyuiu.GurevVE.Sprint0.Task2.V0.lib\Tyuiu.GurevVE.Sprint0.Task2.V0.lib.csproj", "{796AA450-35EA-478B-B078-F25C7475E42F}"
EndProject
Project("{FAE04EC0-301F-11D3-BF4B-00C04F79EFBC}") = "Tyuiu.GurevVE.Sprint0.Task2.V0.Test", "Tyuiu.GurevVE.Sprint0.Task2.V0.Test\Tyuiu.GurevVE.Sprint0.Task2.V0.Test.csproj", "{25C4A50E-6CEC-40E5-AC04-664A55010A0A}"
EndProject
Project("{2150E333-8FDC-42A3-9474-1A3956D46DE8}") = "Task3", "Task3", "{AC722D55-41D3-4BCF-9F0D-FDDFE0A65330}"
EndProject
Project("{FAE04EC0-301F-11D3-BF4B-00C04F79EFBC}") = "Tyuiu.GurevVE.Sprint0.Task3.V0", "Tyuiu.GurevVE.Sprint0.Task3.V0\Tyuiu.GurevVE.Sprint0.Task3.V0.csproj", "{B88B26D4-5BB9-4C3E-9EE2-86A7B2D8E81B}"
EndProject
Project("{FAE04EC0-301F-11D3-BF4B-00C04F79EFBC}") = "Tyuiu.GurevVE.Sprint0.Task3.V0.lib", "Tyuiu.GurevVE.Sprint0.Task3.V0.lib\Tyuiu.GurevVE.Sprint0.Task3.V0.lib.csproj", "{1D291803-5030-4E02-A497-512A9868EFC8}"
EndProject
Project("{FAE04EC0-301F-11D3-BF4B-00C04F79EFBC}") = "Tyuiu.GurevVE.Sprint0.Task3.V0.Test", "Tyuiu.GurevVE.Sprint0.Task3.V0.Test\Tyuiu.GurevVE.Sprint0.Task3.V0.Test.csproj", "{B58C4D9A-F4CB-4BAB-B501-14FCB8F98990}"
EndProject
Global
	GlobalSection(SolutionConfigurationPlatforms) = preSolution
		Debug|Any CPU = Debug|Any CPU
		Release|Any CPU = Release|Any CPU
	EndGlobalSection
	GlobalSection(ProjectConfigurationPlatforms) = postSolution
		{B21C71DA-ADCA-4BF8-97AD-F9DD9F8A5F08}.Debug|Any CPU.ActiveCfg = Debug|Any CPU
		{B21C71DA-ADCA-4BF8-97AD-F9DD9F8A5F08}.Debug|Any CPU.Build.0 = Debug|Any CPU
		{B21C71DA-ADCA-4BF8-97AD-F9DD9F8A5F08}.Release|Any CPU.ActiveCfg = Release|Any CPU
		{B21C71DA-ADCA-4BF8-97AD-F9DD9F8A5F08}.Release|Any CPU.Build.0 = Release|Any CPU
		{D53A0B73-017E-4916-B970-49ECD1E6ACD1}.Debug|Any CPU.ActiveCfg = Debug|Any CPU
		{D53A0B73-017E-4916-B970-49ECD1E6ACD1}.Debug|Any CPU.Build.0 = Debug|Any CPU
		{D53A0B73-017E-4916-B970-49ECD1E6ACD1}.Release|Any CPU.ActiveCfg = Release|Any CPU
		{D53A0B73-017E-4916-B970-49ECD1E6ACD1}.Release|Any CPU.Build.0 = Release|Any CPU
		{524D58EB-B011-4AFD-B456-F063F5F739AA}.Debug|Any CPU.ActiveCfg = Debug|Any CPU
		{524D58EB-B011-4AFD-B456-F063F5F739AA}.Debug|Any CPU.Build.0 = Debug|Any CPU
		{524D58EB-B011-4AFD-B456-F063F5F739AA}.Release|Any CPU.ActiveCfg = Release|Any CPU
		{524D58EB-B011-4AFD-B456-F063F5F739AA}.Release|Any CPU.Build.0 = Release|Any CPU
		{25F600E9-7F51-4C69-8C63-8AFC5A561DD4}.Debug|Any CPU.ActiveCfg = Debug|Any CPU
		{25F600E9-7F51-4C69-8C63-8AFC5A561DD4}.Debug|Any CPU.Build.0 = Debug|Any CPU
		{25F600E9-7F51-4C69-8C63-8AFC5A561DD4}.Release|Any CPU.ActiveCfg = Release|Any CPU
		{25F600E9-7F51-4C69-8C63-8AFC5A561DD4}.Release|Any CPU.Build.0 = Release|Any CPU
		{796AA450-35EA-478B-B078-F25C7475E42F}.Debug|Any CPU.ActiveCfg = Debug|Any CPU
		{796AA450-35EA-478B-B078-F25C7475E42F}.Debug|Any CPU.Build.0 = Debug|Any CPU
		{796AA450-35EA-478B-B078-F25C7475E42F}.Release|Any CPU.ActiveCfg = Release|Any CPU
		{796AA450-35EA-478B-B078-F25C7475E42F}.Release|Any CPU.Build.0 = Release|Any CPU
		{25C4A50E-6CEC-40E5-AC04-664A55010A0A}.Debug|Any CPU.ActiveCfg = Debug|Any CPU
		{25C4A50E-6CEC-40E5-AC04-664A55010A0A}.Debug|Any CPU.Build.0 = Debug|Any CPU
		{25C4A50E-6CEC-40E5-AC04-664A55010A0A}.Release|Any CPU.ActiveCfg = Release|Any CPU
		{25C4A50E-6CEC-40E5-AC04-664A55010A0A}.Release|Any CPU.Build.0 = Release|Any CPU
		{B88B26D4-5BB9-4C3E-9EE2-86A7B2D8E81B}.Debug|Any CPU.ActiveCfg = Debug|Any CPU
		{B88B26D4-5BB9-4C3E-9EE2-86A7B2D8E81B}.Debug|Any CPU.Build.0 = Debug|Any CPU
		{B88B26D4-5BB9-4C3E-9EE2-86A7B2D8E81B}.Release|Any CPU.ActiveCfg = Release|Any CPU
		{B88B26D4-5BB9-4C3E-9EE2-86A7B2D8E81B}.Release|Any CPU.Build.0 = Release|Any CPU
		{1D291803-5030-4E02-A497-512A9868EFC8}.Debug|Any CPU.ActiveCfg = Debug|Any CPU
		{1D291803-5030-4E02-A497-512A9868EFC8}.Debug|Any CPU.Build.0 = Debug|Any CPU
		{1D291803-5030-4E02-A497-512A9868EFC8}.Release|Any CPU.ActiveCfg = Release|Any CPU
		{1D291803-5030-4E02-A497-512A9868EFC8}.Release|Any CPU.Build.0 = Release|Any CPU
		{B58C4D9A-F4CB-4BAB-B501-14FCB8F98990}.Debug|Any CPU.ActiveCfg = Debug|Any CPU
		{B58C4D9A-F4CB-4BAB-B501-14FCB8F98990}.Debug|Any CPU.Build.0 = Debug|Any CPU
		{B58C4D9A-F4CB-4BAB-B501-14FCB8F98990}.Release|Any CPU.ActiveCfg = Release|Any CPU
		{B58C4D9A-F4CB-4BAB-B501-14FCB8F98990}.Release|Any CPU.Build.0 = Release|Any CPU
	EndGlobalSection
	GlobalSection(NestedProjects) = preSolution
		{D53A0B73-017E-4916-B970-49ECD1E6ACD1} = {821C2F00-B064-41CB-9745-072AC153E3BF}
		{524D58EB-B011-4AFD-B456-F063F5F739AA} = {5E220FAC-471E-4C63-B0AC-4EEF21F058AA}
		{25F600E9-7F51-4C69-8C63-8AFC5A561DD4} = {4CE8BF48-37C6-44AF-BEFD-86A31AA84E17}
		{796AA450-35EA-478B-B078-F25C7475E42F} = {4CE8BF48-37C6-44AF-BEFD-86A31AA84E17}
		{25C4A50E-6CEC-40E5-AC04-664A55010A0A} = {4CE8BF48-37C6-44AF-BEFD-86A31AA84E17}
		{B88B26D4-5BB9-4C3E-9EE2-86A7B2D8E81B} = {AC722D55-41D3-4BCF-9F0D-FDDFE0A65330}
		{1D291803-5030-4E02-A497-512A9868EFC8} = {AC722D55-41D3-4BCF-9F0D-FDDFE0A65330}
		{B58C4D9A-F4CB-4BAB-B501-14FCB8F98990} = {AC722D55-41D3-4BCF-9F0D-FDDFE0A65330}
	EndGlobalSection
EndGlobal
